github.com/rekby-tmp/generic-module-producer v0.0.2 h1:7eeC40R3kMZTvY2Wmj8v1pZu2BRwen2fqiZrxHp231U=
github.com/rekby-tmp/generic-module-producer v0.0.2/go.mod h1:6dtztaPnqbHOiDGJwclUf1Y9qQZ0kpHjCfJzjR4rDWc=
github.com/rekby-tmp/generic-module-producer v0.0.3 h1:JxydQs4qVpuGbWvGWMCnhbyHs5/xQbsmj4e1jJQDLUI=
github.com/rekby-tmp/generic-module-producer v0.0.3/go.mod h1:6dtztaPnqbHOiDGJwclUf1Y9qQZ0kpHjCfJzjR4rDWc=
